
Microsoft Visual Studio Solution File, Format Version 12.00
# Visual Studio 15
VisualStudioVersion = 15.0.27130.2024
MinimumVisualStudioVersion = 10.0.40219.1
Project("{FAE04EC0-301F-11D3-BF4B-00C04F79EFBC}") = "EmpDepWebApi", "EmpDepWebApi\EmpDepWebApi.csproj", "{907CAA5F-0DA0-483F-9BC4-112CAB9796C3}"
EndProject
Project("{FAE04EC0-301F-11D3-BF4B-00C04F79EFBC}") = "EmployeeService", "EmployeeService\EmployeeService.csproj", "{87E67D21-B97A-4575-9713-6C2C38BEAFC3}"
EndProject
Global
	GlobalSection(SolutionConfigurationPlatforms) = preSolution
		Debug|Any CPU = Debug|Any CPU
		Release|Any CPU = Release|Any CPU
	EndGlobalSection
	GlobalSection(ProjectConfigurationPlatforms) = postSolution
		{907CAA5F-0DA0-483F-9BC4-112CAB9796C3}.Debug|Any CPU.ActiveCfg = Debug|Any CPU
		{907CAA5F-0DA0-483F-9BC4-112CAB9796C3}.Debug|Any CPU.Build.0 = Debug|Any CPU
		{907CAA5F-0DA0-483F-9BC4-112CAB9796C3}.Release|Any CPU.ActiveCfg = Release|Any CPU
		{907CAA5F-0DA0-483F-9BC4-112CAB9796C3}.Release|Any CPU.Build.0 = Release|Any CPU
		{87E67D21-B97A-4575-9713-6C2C38BEAFC3}.Debug|Any CPU.ActiveCfg = Debug|Any CPU
		{87E67D21-B97A-4575-9713-6C2C38BEAFC3}.Debug|Any CPU.Build.0 = Debug|Any CPU
		{87E67D21-B97A-4575-9713-6C2C38BEAFC3}.Release|Any CPU.ActiveCfg = Release|Any CPU
		{87E67D21-B97A-4575-9713-6C2C38BEAFC3}.Release|Any CPU.Build.0 = Release|Any CPU
	EndGlobalSection
	GlobalSection(SolutionProperties) = preSolution
		HideSolutionNode = FALSE
	EndGlobalSection
	GlobalSection(ExtensibilityGlobals) = postSolution
		SolutionGuid = {DEE0C64D-FE0A-437B-9393-F2A1CD68DCD9}
	EndGlobalSection
EndGlobal
